
Microsoft Visual Studio Solution File, Format Version 10.00
# Visual C++ Express 2008
Project("{8BC9CEB8-8B4A-11D0-8D11-00A0C91BC942}") = "BreakOnThruToTheOtherSide", "BreakOnThruToTheOtherSide.vcproj", "{79371B56-0A83-4C84-94B4-84D9D4EE4A10}"
EndProject
Global
	GlobalSection(SolutionConfigurationPlatforms) = preSolution
		Debug|Win32 = Debug|Win32
		Release|Win32 = Release|Win32
	EndGlobalSection
	GlobalSection(ProjectConfigurationPlatforms) = postSolution
		{79371B56-0A83-4C84-94B4-84D9D4EE4A10}.Debug|Win32.ActiveCfg = Debug|Win32
		{79371B56-0A83-4C84-94B4-84D9D4EE4A10}.Debug|Win32.Build.0 = Debug|Win32
		{79371B56-0A83-4C84-94B4-84D9D4EE4A10}.Release|Win32.ActiveCfg = Release|Win32
		{79371B56-0A83-4C84-94B4-84D9D4EE4A10}.Release|Win32.Build.0 = Release|Win32
	EndGlobalSection
	GlobalSection(SolutionProperties) = preSolution
		HideSolutionNode = FALSE
	EndGlobalSection
EndGlobal
