
Microsoft Visual Studio Solution File, Format Version 10.00
# Visual C++ Express 2008
Project("{8BC9CEB8-8B4A-11D0-8D11-00A0C91BC942}") = "ProtMode", "ProtMode.vcproj", "{483949F4-586C-400C-A721-43CED8AFC402}"
EndProject
Global
	GlobalSection(SolutionConfigurationPlatforms) = preSolution
		Debug|Win32 = Debug|Win32
		Release|Win32 = Release|Win32
	EndGlobalSection
	GlobalSection(ProjectConfigurationPlatforms) = postSolution
		{483949F4-586C-400C-A721-43CED8AFC402}.Debug|Win32.ActiveCfg = Debug|Win32
		{483949F4-586C-400C-A721-43CED8AFC402}.Debug|Win32.Build.0 = Debug|Win32
		{483949F4-586C-400C-A721-43CED8AFC402}.Release|Win32.ActiveCfg = Release|Win32
		{483949F4-586C-400C-A721-43CED8AFC402}.Release|Win32.Build.0 = Release|Win32
	EndGlobalSection
	GlobalSection(SolutionProperties) = preSolution
		HideSolutionNode = FALSE
	EndGlobalSection
EndGlobal
